
Microsoft Visual Studio Solution File, Format Version 12.00
# Visual Studio Version 17
VisualStudioVersion = 17.0.31903.59
MinimumVisualStudioVersion = 10.0.40219.1
Project("{FAE04EC0-301F-11D3-BF4B-00C04F79EFBC}") = "Hangman", "Hangman\Hangman.csproj", "{183C27E0-AA89-4AED-BB3F-21060D0BEBC5}"
EndProject
Global
	GlobalSection(SolutionConfigurationPlatforms) = preSolution
		Debug|Any CPU = Debug|Any CPU
		Release|Any CPU = Release|Any CPU
	EndGlobalSection
	GlobalSection(ProjectConfigurationPlatforms) = postSolution
		{183C27E0-AA89-4AED-BB3F-21060D0BEBC5}.Debug|Any CPU.ActiveCfg = Debug|Any CPU
		{183C27E0-AA89-4AED-BB3F-21060D0BEBC5}.Debug|Any CPU.Build.0 = Debug|Any CPU
		{183C27E0-AA89-4AED-BB3F-21060D0BEBC5}.Release|Any CPU.ActiveCfg = Release|Any CPU
		{183C27E0-AA89-4AED-BB3F-21060D0BEBC5}.Release|Any CPU.Build.0 = Release|Any CPU
	EndGlobalSection
	GlobalSection(SolutionProperties) = preSolution
		HideSolutionNode = FALSE
	EndGlobalSection
	GlobalSection(ExtensibilityGlobals) = postSolution
		SolutionGuid = {49CBB2C9-10BD-4A61-874F-D82CC8153A1D}
	EndGlobalSection
EndGlobal
